
Microsoft Visual Studio Solution File, Format Version 12.00
# Visual Studio 15
VisualStudioVersion = 15.0.27703.2042
MinimumVisualStudioVersion = 10.0.40219.1
Project("{9A19103F-16F7-4668-BE54-9A1E7A4F7556}") = "FunctionalCSharp", "FunctionalCSharp.csproj", "{B32673E6-7513-4CCF-853E-870824F7B010}"
EndProject
Global
	GlobalSection(SolutionConfigurationPlatforms) = preSolution
		Debug|Any CPU = Debug|Any CPU
		Release|Any CPU = Release|Any CPU
	EndGlobalSection
	GlobalSection(ProjectConfigurationPlatforms) = postSolution
		{B32673E6-7513-4CCF-853E-870824F7B010}.Debug|Any CPU.ActiveCfg = Debug|Any CPU
		{B32673E6-7513-4CCF-853E-870824F7B010}.Debug|Any CPU.Build.0 = Debug|Any CPU
		{B32673E6-7513-4CCF-853E-870824F7B010}.Release|Any CPU.ActiveCfg = Release|Any CPU
		{B32673E6-7513-4CCF-853E-870824F7B010}.Release|Any CPU.Build.0 = Release|Any CPU
	EndGlobalSection
	GlobalSection(SolutionProperties) = preSolution
		HideSolutionNode = FALSE
	EndGlobalSection
	GlobalSection(ExtensibilityGlobals) = postSolution
		SolutionGuid = {ABC4FB27-35C3-450B-8077-868E53B10113}
	EndGlobalSection
EndGlobal
